{
  "pins" : [
    {
      "identity" : "asyncplus",
      "kind" : "remoteSourceControl",
      "location" : "https://github.com/richardpiazza/AsyncPlus.git",
      "state" : {
        "revision" : "ab486f6744539f8814296cc85a7cc317f165dfc0",
        "version" : "0.3.2"
      }
    },
    {
      "identity" : "htmlstring",
      "kind" : "remoteSourceControl",
      "location" : "https://github.com/alexisakers/HTMLString.git",
      "state" : {
        "revision" : "04613a3b0f40a91e554b5174c0a10657f1a26357",
        "version" : "6.0.1"
      }
    },
    {
      "identity" : "localesupport",
      "kind" : "remoteSourceControl",
      "location" : "https://github.com/richardpiazza/LocaleSupport.git",
      "state" : {
        "revision" : "c2dc014d8ae8befc54a79f34dce7d23f3d6bef91",
        "version" : "0.5.0"
      }
    },
    {
      "identity" : "plot",
      "kind" : "remoteSourceControl",
      "location" : "https://github.com/JohnSundell/Plot.git",
      "state" : {
        "revision" : "b358860fe565eb53e98b1f5807eb5939c8124547",
        "version" : "0.11.0"
      }
    },
    {
      "identity" : "sqlite.swift",
      "kind" : "remoteSourceControl",
      "location" : "https://github.com/stephencelis/SQLite.swift.git",
      "state" : {
        "revision" : "7a2e3cd27de56f6d396e84f63beefd0267b55ccb",
        "version" : "0.14.1"
      }
    },
    {
      "identity" : "statement",
      "kind" : "remoteSourceControl",
      "location" : "https://github.com/richardpiazza/Statement.git",
      "state" : {
        "revision" : "1123b422e028cec9da56b9e7c83b8f1b63d2b7e2",
        "version" : "0.7.2"
      }
    },
    {
      "identity" : "swift-argument-parser",
      "kind" : "remoteSourceControl",
      "location" : "https://github.com/apple/swift-argument-parser",
      "state" : {
        "revision" : "fddd1c00396eed152c45a46bea9f47b98e59301d",
        "version" : "1.2.0"
      }
    },
    {
      "identity" : "xmlcoder",
      "kind" : "remoteSourceControl",
      "location" : "https://github.com/CoreOffice/XMLCoder.git",
      "state" : {
        "revision" : "b1e944cbd0ef33787b13f639a5418d55b3bed501",
        "version" : "0.17.1"
      }
    }
  ],
  "version" : 2
}
