{
  "pins" : [
    {
      "identity" : "coredataplus",
      "kind" : "remoteSourceControl",
      "location" : "https://github.com/richardpiazza/CoreDataPlus.git",
      "state" : {
        "revision" : "224cda394e5f6d89c6c0f240e480fe0d7aa367b9",
        "version" : "0.4.2"
      }
    },
    {
      "identity" : "htmlstring",
      "kind" : "remoteSourceControl",
      "location" : "https://github.com/alexisakers/HTMLString.git",
      "state" : {
        "revision" : "04613a3b0f40a91e554b5174c0a10657f1a26357",
        "version" : "6.0.1"
      }
    },
    {
      "identity" : "localesupport",
      "kind" : "remoteSourceControl",
      "location" : "https://github.com/richardpiazza/LocaleSupport.git",
      "state" : {
        "branch" : "feature/foundation-locale",
        "revision" : "c283a3391e5f93156d0924b62603523f0942c452"
      }
    },
    {
      "identity" : "plot",
      "kind" : "remoteSourceControl",
      "location" : "https://github.com/JohnSundell/Plot.git",
      "state" : {
        "revision" : "271926b4413fe868739d99f5eadcf2bd6cd62fb8",
        "version" : "0.14.0"
      }
    },
    {
      "identity" : "sqlite.swift",
      "kind" : "remoteSourceControl",
      "location" : "https://github.com/stephencelis/SQLite.swift.git",
      "state" : {
        "revision" : "392dd6058624d9f6c5b4c769d165ddd8c7293394",
        "version" : "0.15.4"
      }
    },
    {
      "identity" : "statement",
      "kind" : "remoteSourceControl",
      "location" : "https://github.com/richardpiazza/Statement.git",
      "state" : {
        "revision" : "fc77679f1d34c75cf996bd09169efbc31ca93d7a",
        "version" : "0.8.1"
      }
    },
    {
      "identity" : "swift-argument-parser",
      "kind" : "remoteSourceControl",
      "location" : "https://github.com/apple/swift-argument-parser",
      "state" : {
        "revision" : "011f0c765fb46d9cac61bca19be0527e99c98c8b",
        "version" : "1.5.1"
      }
    },
    {
      "identity" : "swift-log",
      "kind" : "remoteSourceControl",
      "location" : "https://github.com/apple/swift-log.git",
      "state" : {
        "revision" : "3d8596ed08bd13520157f0355e35caed215ffbfa",
        "version" : "1.6.3"
      }
    },
    {
      "identity" : "swift-toolchain-sqlite",
      "kind" : "remoteSourceControl",
      "location" : "https://github.com/swiftlang/swift-toolchain-sqlite",
      "state" : {
        "revision" : "b626d3002773b1a1304166643e7f118f724b2132",
        "version" : "1.0.4"
      }
    },
    {
      "identity" : "xmlcoder",
      "kind" : "remoteSourceControl",
      "location" : "https://github.com/CoreOffice/XMLCoder.git",
      "state" : {
        "revision" : "b1e944cbd0ef33787b13f639a5418d55b3bed501",
        "version" : "0.17.1"
      }
    }
  ],
  "version" : 2
}
